
Microsoft Visual Studio Solution File, Format Version 12.00
# Visual Studio Version 17
VisualStudioVersion = 17.2.32616.157
MinimumVisualStudioVersion = 10.0.40219.1
Project("{8BC9CEB8-8B4A-11D0-8D11-00A0C91BC942}") = "alphabet", "alphabet.vcxproj", "{39071D6C-6E33-4B6A-ADD0-7CEFB0E978BC}"
EndProject
Global
	GlobalSection(SolutionConfigurationPlatforms) = preSolution
		Debug|x64 = Debug|x64
		Debug|x86 = Debug|x86
		Release|x64 = Release|x64
		Release|x86 = Release|x86
	EndGlobalSection
	GlobalSection(ProjectConfigurationPlatforms) = postSolution
		{39071D6C-6E33-4B6A-ADD0-7CEFB0E978BC}.Debug|x64.ActiveCfg = Debug|x64
		{39071D6C-6E33-4B6A-ADD0-7CEFB0E978BC}.Debug|x64.Build.0 = Debug|x64
		{39071D6C-6E33-4B6A-ADD0-7CEFB0E978BC}.Debug|x86.ActiveCfg = Debug|Win32
		{39071D6C-6E33-4B6A-ADD0-7CEFB0E978BC}.Debug|x86.Build.0 = Debug|Win32
		{39071D6C-6E33-4B6A-ADD0-7CEFB0E978BC}.Release|x64.ActiveCfg = Release|x64
		{39071D6C-6E33-4B6A-ADD0-7CEFB0E978BC}.Release|x64.Build.0 = Release|x64
		{39071D6C-6E33-4B6A-ADD0-7CEFB0E978BC}.Release|x86.ActiveCfg = Release|Win32
		{39071D6C-6E33-4B6A-ADD0-7CEFB0E978BC}.Release|x86.Build.0 = Release|Win32
	EndGlobalSection
	GlobalSection(SolutionProperties) = preSolution
		HideSolutionNode = FALSE
	EndGlobalSection
	GlobalSection(ExtensibilityGlobals) = postSolution
		SolutionGuid = {EF97FE8A-F17B-436D-BFAD-B7E6F7C04246}
	EndGlobalSection
EndGlobal
